
Microsoft Visual Studio Solution File, Format Version 12.00
# Visual Studio Version 16
VisualStudioVersion = 16.0.30621.155
MinimumVisualStudioVersion = 10.0.40219.1
Project("{FAE04EC0-301F-11D3-BF4B-00C04F79EFBC}") = "SE214L22", "SE214L22\SE214L22.csproj", "{C734C1F1-CFB7-4DD8-AA11-50A9F0F9E3FF}"
EndProject
Project("{FAE04EC0-301F-11D3-BF4B-00C04F79EFBC}") = "SE214L22.Core", "SE214L22.Core\SE214L22.Core.csproj", "{202F787A-00A2-4A57-A463-13146F267AFE}"
EndProject
Project("{FAE04EC0-301F-11D3-BF4B-00C04F79EFBC}") = "SE214L22.Data", "SE214L22.Data\SE214L22.Data.csproj", "{48A0B0D5-D932-4884-A12A-A3DEF56D0D90}"
EndProject
Project("{FAE04EC0-301F-11D3-BF4B-00C04F79EFBC}") = "SE214L22.Shared", "SE214L22.Shared\SE214L22.Shared.csproj", "{A8DF545F-CB3F-4692-85E7-F756DBDE83F4}"
EndProject
Project("{FAE04EC0-301F-11D3-BF4B-00C04F79EFBC}") = "SE214L22.DataTests", "SE214L22.DataTests\SE214L22.DataTests.csproj", "{CC6FF1C7-71FF-48F9-83AB-B19639D2FEDC}"
EndProject
Global
	GlobalSection(SolutionConfigurationPlatforms) = preSolution
		Debug|Any CPU = Debug|Any CPU
		Release|Any CPU = Release|Any CPU
	EndGlobalSection
	GlobalSection(ProjectConfigurationPlatforms) = postSolution
		{C734C1F1-CFB7-4DD8-AA11-50A9F0F9E3FF}.Debug|Any CPU.ActiveCfg = Debug|Any CPU
		{C734C1F1-CFB7-4DD8-AA11-50A9F0F9E3FF}.Debug|Any CPU.Build.0 = Debug|Any CPU
		{C734C1F1-CFB7-4DD8-AA11-50A9F0F9E3FF}.Release|Any CPU.ActiveCfg = Release|Any CPU
		{C734C1F1-CFB7-4DD8-AA11-50A9F0F9E3FF}.Release|Any CPU.Build.0 = Release|Any CPU
		{202F787A-00A2-4A57-A463-13146F267AFE}.Debug|Any CPU.ActiveCfg = Debug|Any CPU
		{202F787A-00A2-4A57-A463-13146F267AFE}.Debug|Any CPU.Build.0 = Debug|Any CPU
		{202F787A-00A2-4A57-A463-13146F267AFE}.Release|Any CPU.ActiveCfg = Release|Any CPU
		{202F787A-00A2-4A57-A463-13146F267AFE}.Release|Any CPU.Build.0 = Release|Any CPU
		{48A0B0D5-D932-4884-A12A-A3DEF56D0D90}.Debug|Any CPU.ActiveCfg = Debug|Any CPU
		{48A0B0D5-D932-4884-A12A-A3DEF56D0D90}.Debug|Any CPU.Build.0 = Debug|Any CPU
		{48A0B0D5-D932-4884-A12A-A3DEF56D0D90}.Release|Any CPU.ActiveCfg = Release|Any CPU
		{48A0B0D5-D932-4884-A12A-A3DEF56D0D90}.Release|Any CPU.Build.0 = Release|Any CPU
		{A8DF545F-CB3F-4692-85E7-F756DBDE83F4}.Debug|Any CPU.ActiveCfg = Debug|Any CPU
		{A8DF545F-CB3F-4692-85E7-F756DBDE83F4}.Debug|Any CPU.Build.0 = Debug|Any CPU
		{A8DF545F-CB3F-4692-85E7-F756DBDE83F4}.Release|Any CPU.ActiveCfg = Release|Any CPU
		{A8DF545F-CB3F-4692-85E7-F756DBDE83F4}.Release|Any CPU.Build.0 = Release|Any CPU
		{CC6FF1C7-71FF-48F9-83AB-B19639D2FEDC}.Debug|Any CPU.ActiveCfg = Debug|Any CPU
		{CC6FF1C7-71FF-48F9-83AB-B19639D2FEDC}.Debug|Any CPU.Build.0 = Debug|Any CPU
		{CC6FF1C7-71FF-48F9-83AB-B19639D2FEDC}.Release|Any CPU.ActiveCfg = Release|Any CPU
		{CC6FF1C7-71FF-48F9-83AB-B19639D2FEDC}.Release|Any CPU.Build.0 = Release|Any CPU
	EndGlobalSection
	GlobalSection(SolutionProperties) = preSolution
		HideSolutionNode = FALSE
	EndGlobalSection
	GlobalSection(ExtensibilityGlobals) = postSolution
		SolutionGuid = {4EC15A5D-D7FB-4124-B7A3-A0E384C3E537}
	EndGlobalSection
EndGlobal
